{
    "_readme": [
        "This file locks the dependencies of your project to a known state",
        "Read more about it at https://getcomposer.org/doc/01-basic-usage.md#composer-lock-the-lock-file",
        "This file is @generated automatically"
    ],
    "content-hash": "3e8e7bd04a6981b6364e19a97b9fabbb",
    "packages": [
        {
            "name": "pear2/console_commandline",
            "version": "0.2.3",
            "source": {
                "type": "git",
                "url": "https://github.com/pear2/Console_CommandLine.git",
                "reference": "002ef40e31edd0599bd157eea7661067caf9b45c"
            },
            "dist": {
                "type": "zip",
                "url": "https://api.github.com/repos/pear2/Console_CommandLine/zipball/002ef40e31edd0599bd157eea7661067caf9b45c",
                "reference": "002ef40e31edd0599bd157eea7661067caf9b45c",
                "shasum": ""
            },
            "require": {
                "php": ">=5.3.0"
            },
            "suggest": {
                "ext-dom": "Required when parsing definitions from an XML file"
            },
            "type": "library",
            "autoload": {
                "psr-0": {
                    "PEAR2\\Console\\CommandLine": "src/"
                }
            },
            "notification-url": "https://packagist.org/downloads/",
            "license": [
                "MIT"
            ],
            "authors": [
                {
                    "name": "Vasil Rangelov",
                    "email": "boen.robot@gmail.com",
                    "role": "helper"
                },
                {
                    "name": "David JEAN LOUIS",
                    "email": "izi@php.net",
                    "role": "lead"
                },
                {
                    "name": "Brett Bieber",
                    "email": "saltybeagle@php.net",
                    "role": "helper"
                }
            ],
            "description": "Full featured package for managing command-line applications.",
            "homepage": "http://pear2.php.net/PEAR2_Console_CommandLine",
            "keywords": [
                "arguments",
                "cli",
                "commandline",
                "console",
                "parser",
                "pear2"
            ],
            "time": "2017-05-22T13:01:54+00:00"
        }
    ],
    "packages-dev": [],
    "aliases": [],
    "minimum-stability": "stable",
    "stability-flags": [],
    "prefer-stable": false,
    "prefer-lowest": false,
    "platform": [],
    "platform-dev": []
}
